Microsoft Visual Studio Solution File, Format Version 12.00
# Visual Studio Version 17
VisualStudioVersion = 17.0.31903.59
MinimumVisualStudioVersion = 10.0.40219.1
Project("{9A19103F-16F7-4668-BE54-9A1E7A4F7556}") = "RestaurantMenuAPI", "RestaurantMenuAPI.csproj", "{B8E7C73E-5F4A-4F9E-8B8E-7E5F4A4F9E8B}"
EndProject
Project("{9A19103F-16F7-4668-BE54-9A1E7A4F7556}") = "RestaurantMenuAPI.Tests", "Tests\RestaurantMenuAPI.Tests.csproj", "{C9F8D84F-6F5B-5F0F-9C9F-8F6F5B5F0F9C}"
EndProject
Global
	GlobalSection(SolutionConfigurationPlatforms) = preSolution
		Debug|Any CPU = Debug|Any CPU
		Release|Any CPU = Release|Any CPU
	EndGlobalSection
	GlobalSection(ProjectConfigurationPlatforms) = postSolution
		{B8E7C73E-5F4A-4F9E-8B8E-7E5F4A4F9E8B}.Debug|Any CPU.ActiveCfg = Debug|Any CPU
		{B8E7C73E-5F4A-4F9E-8B8E-7E5F4A4F9E8B}.Debug|Any CPU.Build.0 = Debug|Any CPU
		{B8E7C73E-5F4A-4F9E-8B8E-7E5F4A4F9E8B}.Release|Any CPU.ActiveCfg = Release|Any CPU
		{B8E7C73E-5F4A-4F9E-8B8E-7E5F4A4F9E8B}.Release|Any CPU.Build.0 = Release|Any CPU
		{C9F8D84F-6F5B-5F0F-9C9F-8F6F5B5F0F9C}.Debug|Any CPU.ActiveCfg = Debug|Any CPU
		{C9F8D84F-6F5B-5F0F-9C9F-8F6F5B5F0F9C}.Debug|Any CPU.Build.0 = Debug|Any CPU
		{C9F8D84F-6F5B-5F0F-9C9F-8F6F5B5F0F9C}.Release|Any CPU.ActiveCfg = Release|Any CPU
		{C9F8D84F-6F5B-5F0F-9C9F-8F6F5B5F0F9C}.Release|Any CPU.Build.0 = Release|Any CPU
	EndGlobalSection
	GlobalSection(SolutionProperties) = preSolution
		HideSolutionNode = FALSE
	EndGlobalSection
	GlobalSection(ExtensibilityGlobals) = postSolution
		SolutionGuid = {6E7F8G9H-0I1J-2K3L-4M5N-6O7P8Q9R0S1T}
	EndGlobalSection
EndGlobal
